
Microsoft Visual Studio Solution File, Format Version 12.00
# Visual Studio Version 16
VisualStudioVersion = 16.0.32126.315
MinimumVisualStudioVersion = 10.0.40219.1
Project("{FAE04EC0-301F-11D3-BF4B-00C04F79EFBC}") = "PluralsightPractice.Android", "PluralsightPractice\PluralsightPractice.Android\PluralsightPractice.Android.csproj", "{7DD7EFCB-78D0-4212-8E04-B775B243CBD9}"
EndProject
Project("{FAE04EC0-301F-11D3-BF4B-00C04F79EFBC}") = "PluralsightPractice.iOS", "PluralsightPractice\PluralsightPractice.iOS\PluralsightPractice.iOS.csproj", "{E4FA854A-1223-4591-B452-8AF97FC1274F}"
EndProject
Project("{9A19103F-16F7-4668-BE54-9A1E7A4F7556}") = "PluralsightPractice", "PluralsightPractice\PluralsightPractice\PluralsightPractice.csproj", "{043B4DBD-14BD-4221-B7F8-521327401FD7}"
EndProject
Project("{2150E333-8FDC-42A3-9474-1A3956D46DE8}") = "Android", "Android", "{F42B5C8A-C30D-4417-AC93-264B2A2855DC}"
EndProject
Project("{2150E333-8FDC-42A3-9474-1A3956D46DE8}") = "iOS", "iOS", "{6437A13C-3AF5-46E7-9F49-084026D0BA94}"
EndProject
Project("{FAE04EC0-301F-11D3-BF4B-00C04F79EFBC}") = "PluralsightPractice.Common", "PluralsightPractice.Common\PluralsightPractice.Common.csproj", "{69EEF5F5-8464-4354-A5A5-0C8F7A206F92}"
EndProject
Project("{FAE04EC0-301F-11D3-BF4B-00C04F79EFBC}") = "PluralsightPractice.Dal", "PluralsightPractice.Dal\PluralsightPractice.Dal.csproj", "{032D6CE3-41BF-41BF-9C89-1077233E6450}"
EndProject
Project("{FAE04EC0-301F-11D3-BF4B-00C04F79EFBC}") = "PluralsightPractice.Services", "PluralsightPractice.Services\PluralsightPractice.Services.csproj", "{CC8C4B2A-64AC-4C5B-95CD-EB650050C9BB}"
EndProject
Global
	GlobalSection(SolutionConfigurationPlatforms) = preSolution
		Debug|Any CPU = Debug|Any CPU
		Debug|iPhone = Debug|iPhone
		Debug|iPhoneSimulator = Debug|iPhoneSimulator
		Release|Any CPU = Release|Any CPU
		Release|iPhone = Release|iPhone
		Release|iPhoneSimulator = Release|iPhoneSimulator
	EndGlobalSection
	GlobalSection(ProjectConfigurationPlatforms) = postSolution
		{7DD7EFCB-78D0-4212-8E04-B775B243CBD9}.Debug|Any CPU.ActiveCfg = Debug|Any CPU
		{7DD7EFCB-78D0-4212-8E04-B775B243CBD9}.Debug|Any CPU.Build.0 = Debug|Any CPU
		{7DD7EFCB-78D0-4212-8E04-B775B243CBD9}.Debug|Any CPU.Deploy.0 = Debug|Any CPU
		{7DD7EFCB-78D0-4212-8E04-B775B243CBD9}.Debug|iPhone.ActiveCfg = Debug|Any CPU
		{7DD7EFCB-78D0-4212-8E04-B775B243CBD9}.Debug|iPhone.Build.0 = Debug|Any CPU
		{7DD7EFCB-78D0-4212-8E04-B775B243CBD9}.Debug|iPhone.Deploy.0 = Debug|Any CPU
		{7DD7EFCB-78D0-4212-8E04-B775B243CBD9}.Debug|iPhoneSimulator.ActiveCfg = Debug|Any CPU
		{7DD7EFCB-78D0-4212-8E04-B775B243CBD9}.Debug|iPhoneSimulator.Build.0 = Debug|Any CPU
		{7DD7EFCB-78D0-4212-8E04-B775B243CBD9}.Debug|iPhoneSimulator.Deploy.0 = Debug|Any CPU
		{7DD7EFCB-78D0-4212-8E04-B775B243CBD9}.Release|Any CPU.ActiveCfg = Release|Any CPU
		{7DD7EFCB-78D0-4212-8E04-B775B243CBD9}.Release|Any CPU.Build.0 = Release|Any CPU
		{7DD7EFCB-78D0-4212-8E04-B775B243CBD9}.Release|Any CPU.Deploy.0 = Release|Any CPU
		{7DD7EFCB-78D0-4212-8E04-B775B243CBD9}.Release|iPhone.ActiveCfg = Release|Any CPU
		{7DD7EFCB-78D0-4212-8E04-B775B243CBD9}.Release|iPhone.Build.0 = Release|Any CPU
		{7DD7EFCB-78D0-4212-8E04-B775B243CBD9}.Release|iPhone.Deploy.0 = Release|Any CPU
		{7DD7EFCB-78D0-4212-8E04-B775B243CBD9}.Release|iPhoneSimulator.ActiveCfg = Release|Any CPU
		{7DD7EFCB-78D0-4212-8E04-B775B243CBD9}.Release|iPhoneSimulator.Build.0 = Release|Any CPU
		{7DD7EFCB-78D0-4212-8E04-B775B243CBD9}.Release|iPhoneSimulator.Deploy.0 = Release|Any CPU
		{E4FA854A-1223-4591-B452-8AF97FC1274F}.Debug|Any CPU.ActiveCfg = Debug|iPhone
		{E4FA854A-1223-4591-B452-8AF97FC1274F}.Debug|Any CPU.Build.0 = Debug|iPhone
		{E4FA854A-1223-4591-B452-8AF97FC1274F}.Debug|Any CPU.Deploy.0 = Debug|iPhone
		{E4FA854A-1223-4591-B452-8AF97FC1274F}.Debug|iPhone.ActiveCfg = Debug|iPhone
		{E4FA854A-1223-4591-B452-8AF97FC1274F}.Debug|iPhone.Build.0 = Debug|iPhone
		{E4FA854A-1223-4591-B452-8AF97FC1274F}.Debug|iPhone.Deploy.0 = Debug|iPhone
		{E4FA854A-1223-4591-B452-8AF97FC1274F}.Debug|iPhoneSimulator.ActiveCfg = Debug|iPhoneSimulator
		{E4FA854A-1223-4591-B452-8AF97FC1274F}.Debug|iPhoneSimulator.Build.0 = Debug|iPhoneSimulator
		{E4FA854A-1223-4591-B452-8AF97FC1274F}.Debug|iPhoneSimulator.Deploy.0 = Debug|iPhoneSimulator
		{E4FA854A-1223-4591-B452-8AF97FC1274F}.Release|Any CPU.ActiveCfg = Release|iPhoneSimulator
		{E4FA854A-1223-4591-B452-8AF97FC1274F}.Release|Any CPU.Build.0 = Release|iPhoneSimulator
		{E4FA854A-1223-4591-B452-8AF97FC1274F}.Release|Any CPU.Deploy.0 = Release|iPhoneSimulator
		{E4FA854A-1223-4591-B452-8AF97FC1274F}.Release|iPhone.ActiveCfg = Release|iPhone
		{E4FA854A-1223-4591-B452-8AF97FC1274F}.Release|iPhone.Build.0 = Release|iPhone
		{E4FA854A-1223-4591-B452-8AF97FC1274F}.Release|iPhone.Deploy.0 = Release|iPhone
		{E4FA854A-1223-4591-B452-8AF97FC1274F}.Release|iPhoneSimulator.ActiveCfg = Release|iPhoneSimulator
		{E4FA854A-1223-4591-B452-8AF97FC1274F}.Release|iPhoneSimulator.Build.0 = Release|iPhoneSimulator
		{E4FA854A-1223-4591-B452-8AF97FC1274F}.Release|iPhoneSimulator.Deploy.0 = Release|iPhoneSimulator
		{043B4DBD-14BD-4221-B7F8-521327401FD7}.Debug|Any CPU.ActiveCfg = Debug|Any CPU
		{043B4DBD-14BD-4221-B7F8-521327401FD7}.Debug|Any CPU.Build.0 = Debug|Any CPU
		{043B4DBD-14BD-4221-B7F8-521327401FD7}.Debug|Any CPU.Deploy.0 = Debug|Any CPU
		{043B4DBD-14BD-4221-B7F8-521327401FD7}.Debug|iPhone.ActiveCfg = Debug|Any CPU
		{043B4DBD-14BD-4221-B7F8-521327401FD7}.Debug|iPhone.Build.0 = Debug|Any CPU
		{043B4DBD-14BD-4221-B7F8-521327401FD7}.Debug|iPhone.Deploy.0 = Debug|Any CPU
		{043B4DBD-14BD-4221-B7F8-521327401FD7}.Debug|iPhoneSimulator.ActiveCfg = Debug|Any CPU
		{043B4DBD-14BD-4221-B7F8-521327401FD7}.Debug|iPhoneSimulator.Build.0 = Debug|Any CPU
		{043B4DBD-14BD-4221-B7F8-521327401FD7}.Debug|iPhoneSimulator.Deploy.0 = Debug|Any CPU
		{043B4DBD-14BD-4221-B7F8-521327401FD7}.Release|Any CPU.ActiveCfg = Release|Any CPU
		{043B4DBD-14BD-4221-B7F8-521327401FD7}.Release|Any CPU.Build.0 = Release|Any CPU
		{043B4DBD-14BD-4221-B7F8-521327401FD7}.Release|Any CPU.Deploy.0 = Release|Any CPU
		{043B4DBD-14BD-4221-B7F8-521327401FD7}.Release|iPhone.ActiveCfg = Release|Any CPU
		{043B4DBD-14BD-4221-B7F8-521327401FD7}.Release|iPhone.Build.0 = Release|Any CPU
		{043B4DBD-14BD-4221-B7F8-521327401FD7}.Release|iPhone.Deploy.0 = Release|Any CPU
		{043B4DBD-14BD-4221-B7F8-521327401FD7}.Release|iPhoneSimulator.ActiveCfg = Release|Any CPU
		{043B4DBD-14BD-4221-B7F8-521327401FD7}.Release|iPhoneSimulator.Build.0 = Release|Any CPU
		{043B4DBD-14BD-4221-B7F8-521327401FD7}.Release|iPhoneSimulator.Deploy.0 = Release|Any CPU
		{69EEF5F5-8464-4354-A5A5-0C8F7A206F92}.Debug|Any CPU.ActiveCfg = Debug|Any CPU
		{69EEF5F5-8464-4354-A5A5-0C8F7A206F92}.Debug|Any CPU.Build.0 = Debug|Any CPU
		{69EEF5F5-8464-4354-A5A5-0C8F7A206F92}.Debug|iPhone.ActiveCfg = Debug|Any CPU
		{69EEF5F5-8464-4354-A5A5-0C8F7A206F92}.Debug|iPhone.Build.0 = Debug|Any CPU
		{69EEF5F5-8464-4354-A5A5-0C8F7A206F92}.Debug|iPhoneSimulator.ActiveCfg = Debug|Any CPU
		{69EEF5F5-8464-4354-A5A5-0C8F7A206F92}.Debug|iPhoneSimulator.Build.0 = Debug|Any CPU
		{69EEF5F5-8464-4354-A5A5-0C8F7A206F92}.Release|Any CPU.ActiveCfg = Release|Any CPU
		{69EEF5F5-8464-4354-A5A5-0C8F7A206F92}.Release|Any CPU.Build.0 = Release|Any CPU
		{69EEF5F5-8464-4354-A5A5-0C8F7A206F92}.Release|iPhone.ActiveCfg = Release|Any CPU
		{69EEF5F5-8464-4354-A5A5-0C8F7A206F92}.Release|iPhone.Build.0 = Release|Any CPU
		{69EEF5F5-8464-4354-A5A5-0C8F7A206F92}.Release|iPhoneSimulator.ActiveCfg = Release|Any CPU
		{69EEF5F5-8464-4354-A5A5-0C8F7A206F92}.Release|iPhoneSimulator.Build.0 = Release|Any CPU
		{032D6CE3-41BF-41BF-9C89-1077233E6450}.Debug|Any CPU.ActiveCfg = Debug|Any CPU
		{032D6CE3-41BF-41BF-9C89-1077233E6450}.Debug|Any CPU.Build.0 = Debug|Any CPU
		{032D6CE3-41BF-41BF-9C89-1077233E6450}.Debug|iPhone.ActiveCfg = Debug|Any CPU
		{032D6CE3-41BF-41BF-9C89-1077233E6450}.Debug|iPhone.Build.0 = Debug|Any CPU
		{032D6CE3-41BF-41BF-9C89-1077233E6450}.Debug|iPhoneSimulator.ActiveCfg = Debug|Any CPU
		{032D6CE3-41BF-41BF-9C89-1077233E6450}.Debug|iPhoneSimulator.Build.0 = Debug|Any CPU
		{032D6CE3-41BF-41BF-9C89-1077233E6450}.Release|Any CPU.ActiveCfg = Release|Any CPU
		{032D6CE3-41BF-41BF-9C89-1077233E6450}.Release|Any CPU.Build.0 = Release|Any CPU
		{032D6CE3-41BF-41BF-9C89-1077233E6450}.Release|iPhone.ActiveCfg = Release|Any CPU
		{032D6CE3-41BF-41BF-9C89-1077233E6450}.Release|iPhone.Build.0 = Release|Any CPU
		{032D6CE3-41BF-41BF-9C89-1077233E6450}.Release|iPhoneSimulator.ActiveCfg = Release|Any CPU
		{032D6CE3-41BF-41BF-9C89-1077233E6450}.Release|iPhoneSimulator.Build.0 = Release|Any CPU
		{CC8C4B2A-64AC-4C5B-95CD-EB650050C9BB}.Debug|Any CPU.ActiveCfg = Debug|Any CPU
		{CC8C4B2A-64AC-4C5B-95CD-EB650050C9BB}.Debug|Any CPU.Build.0 = Debug|Any CPU
		{CC8C4B2A-64AC-4C5B-95CD-EB650050C9BB}.Debug|iPhone.ActiveCfg = Debug|Any CPU
		{CC8C4B2A-64AC-4C5B-95CD-EB650050C9BB}.Debug|iPhone.Build.0 = Debug|Any CPU
		{CC8C4B2A-64AC-4C5B-95CD-EB650050C9BB}.Debug|iPhoneSimulator.ActiveCfg = Debug|Any CPU
		{CC8C4B2A-64AC-4C5B-95CD-EB650050C9BB}.Debug|iPhoneSimulator.Build.0 = Debug|Any CPU
		{CC8C4B2A-64AC-4C5B-95CD-EB650050C9BB}.Release|Any CPU.ActiveCfg = Release|Any CPU
		{CC8C4B2A-64AC-4C5B-95CD-EB650050C9BB}.Release|Any CPU.Build.0 = Release|Any CPU
		{CC8C4B2A-64AC-4C5B-95CD-EB650050C9BB}.Release|iPhone.ActiveCfg = Release|Any CPU
		{CC8C4B2A-64AC-4C5B-95CD-EB650050C9BB}.Release|iPhone.Build.0 = Release|Any CPU
		{CC8C4B2A-64AC-4C5B-95CD-EB650050C9BB}.Release|iPhoneSimulator.ActiveCfg = Release|Any CPU
		{CC8C4B2A-64AC-4C5B-95CD-EB650050C9BB}.Release|iPhoneSimulator.Build.0 = Release|Any CPU
	EndGlobalSection
	GlobalSection(SolutionProperties) = preSolution
		HideSolutionNode = FALSE
	EndGlobalSection
	GlobalSection(NestedProjects) = preSolution
		{7DD7EFCB-78D0-4212-8E04-B775B243CBD9} = {F42B5C8A-C30D-4417-AC93-264B2A2855DC}
		{E4FA854A-1223-4591-B452-8AF97FC1274F} = {6437A13C-3AF5-46E7-9F49-084026D0BA94}
	EndGlobalSection
	GlobalSection(ExtensibilityGlobals) = postSolution
		SolutionGuid = {4D5AF2EE-5A24-4776-B1A5-46CA4F12DD48}
	EndGlobalSection
EndGlobal
